// !$*UTF8*$!
{
	archiveVersion = 1;
	classes = {
	};
	objectVersion = 50;
	objects = {

/* Begin PBXBuildFile section */
		06121AFF233DCB4D00E33F2E /* AppDelegate.swift in Sources */ = {isa = PBXBuildFile; fileRef = 06121AFE233DCB4D00E33F2E /* AppDelegate.swift */; };
		06121B01233DCB4D00E33F2E /* SceneDelegate.swift in Sources */ = {isa = PBXBuildFile; fileRef = 06121B00233DCB4D00E33F2E /* SceneDelegate.swift */; };
		06121B06233DCB4E00E33F2E /* Main.storyboard in Resources */ = {isa = PBXBuildFile; fileRef = 06121B04233DCB4E00E33F2E /* Main.storyboard */; };
		06121B09233DCB4E00E33F2E /* CoreData_YogeshPatel.xcdatamodeld in Sources */ = {isa = PBXBuildFile; fileRef = 06121B07233DCB4E00E33F2E /* CoreData_YogeshPatel.xcdatamodeld */; };
		06121B0B233DCB5E00E33F2E /* Assets.xcassets in Resources */ = {isa = PBXBuildFile; fileRef = 06121B0A233DCB5E00E33F2E /* Assets.xcassets */; };
		06121B0E233DCB5E00E33F2E /* LaunchScreen.storyboard in Resources */ = {isa = PBXBuildFile; fileRef = 06121B0C233DCB5E00E33F2E /* LaunchScreen.storyboard */; };
		06121B17233DCD9200E33F2E /* Student+CoreDataClass.swift in Sources */ = {isa = PBXBuildFile; fileRef = 06121B15233DCD9200E33F2E /* Student+CoreDataClass.swift */; };
		06121B18233DCD9200E33F2E /* Student+CoreDataProperties.swift in Sources */ = {isa = PBXBuildFile; fileRef = 06121B16233DCD9200E33F2E /* Student+CoreDataProperties.swift */; };
		06121B1B233DCDED00E33F2E /* CoreData.framework in Frameworks */ = {isa = PBXBuildFile; fileRef = 06121B1A233DCDED00E33F2E /* CoreData.framework */; };
		06121B26233DDDA600E33F2E /* ViewController.swift in Sources */ = {isa = PBXBuildFile; fileRef = 06121B25233DDDA600E33F2E /* ViewController.swift */; };
		06121B28233DEB6800E33F2E /* DatabaseHelper.swift in Sources */ = {isa = PBXBuildFile; fileRef = 06121B27233DEB6800E33F2E /* DatabaseHelper.swift */; };
		06121B4A2343797100E33F2E /* ViewSavedDataVC.swift in Sources */ = {isa = PBXBuildFile; fileRef = 06121B492343797100E33F2E /* ViewSavedDataVC.swift */; };
		06121B4C2343799200E33F2E /* TableViewCell.swift in Sources */ = {isa = PBXBuildFile; fileRef = 06121B4B2343799200E33F2E /* TableViewCell.swift */; };
/* End PBXBuildFile section */

/* Begin PBXFileReference section */
		06121AFB233DCB4D00E33F2E /* CoreData_YogeshPatel.app */ = {isa = PBXFileReference; explicitFileType = wrapper.application; includeInIndex = 0; path = CoreData_YogeshPatel.app; sourceTree = BUILT_PRODUCTS_DIR; };
		06121AFE233DCB4D00E33F2E /* AppDelegate.swift */ = {isa = PBXFileReference; lastKnownFileType = sourcecode.swift; path = AppDelegate.swift; sourceTree = "<group>"; };
		06121B00233DCB4D00E33F2E /* SceneDelegate.swift */ = {isa = PBXFileReference; lastKnownFileType = sourcecode.swift; path = SceneDelegate.swift; sourceTree = "<group>"; };
		06121B05233DCB4E00E33F2E /* Base */ = {isa = PBXFileReference; lastKnownFileType = file.storyboard; name = Base; path = Base.lproj/Main.storyboard; sourceTree = "<group>"; };
		06121B08233DCB4E00E33F2E /* CoreData_YogeshPatel.xcdatamodel */ = {isa = PBXFileReference; lastKnownFileType = wrapper.xcdatamodel; path = CoreData_YogeshPatel.xcdatamodel; sourceTree = "<group>"; };
		06121B0A233DCB5E00E33F2E /* Assets.xcassets */ = {isa = PBXFileReference; lastKnownFileType = folder.assetcatalog; path = Assets.xcassets; sourceTree = "<group>"; };
		06121B0D233DCB5E00E33F2E /* Base */ = {isa = PBXFileReference; lastKnownFileType = file.storyboard; name = Base; path = Base.lproj/LaunchScreen.storyboard; sourceTree = "<group>"; };
		06121B0F233DCB5E00E33F2E /* Info.plist */ = {isa = PBXFileReference; lastKnownFileType = text.plist.xml; path = Info.plist; sourceTree = "<group>"; };
		06121B15233DCD9200E33F2E /* Student+CoreDataClass.swift */ = {isa = PBXFileReference; lastKnownFileType = sourcecode.swift; path = "Student+CoreDataClass.swift"; sourceTree = "<group>"; };
		06121B16233DCD9200E33F2E /* Student+CoreDataProperties.swift */ = {isa = PBXFileReference; lastKnownFileType = sourcecode.swift; path = "Student+CoreDataProperties.swift"; sourceTree = "<group>"; };
		06121B1A233DCDED00E33F2E /* CoreData.framework */ = {isa = PBXFileReference; lastKnownFileType = wrapper.framework; name = CoreData.framework; path = System/Library/Frameworks/CoreData.framework; sourceTree = SDKROOT; };
		06121B25233DDDA600E33F2E /* ViewController.swift */ = {isa = PBXFileReference; lastKnownFileType = sourcecode.swift; path = ViewController.swift; sourceTree = "<group>"; };
		06121B27233DEB6800E33F2E /* DatabaseHelper.swift */ = {isa = PBXFileReference; lastKnownFileType = sourcecode.swift; path = DatabaseHelper.swift; sourceTree = "<group>"; };
		06121B492343797100E33F2E /* ViewSavedDataVC.swift */ = {isa = PBXFileReference; lastKnownFileType = sourcecode.swift; name = ViewSavedDataVC.swift; path = CoreData_YogeshPatel/Controllers/ViewSavedDataVC.swift; sourceTree = SOURCE_ROOT; };
		06121B4B2343799200E33F2E /* TableViewCell.swift */ = {isa = PBXFileReference; lastKnownFileType = sourcecode.swift; path = TableViewCell.swift; sourceTree = "<group>"; };
/* End PBXFileReference section */

/* Begin PBXFrameworksBuildPhase section */
		06121AF8233DCB4D00E33F2E /* Frameworks */ = {
			isa = PBXFrameworksBuildPhase;
			buildActionMask = 2147483647;
			files = (
				06121B1B233DCDED00E33F2E /* CoreData.framework in Frameworks */,
			);
			runOnlyForDeploymentPostprocessing = 0;
		};
/* End PBXFrameworksBuildPhase section */

/* Begin PBXGroup section */
		06121AF2233DCB4D00E33F2E = {
			isa = PBXGroup;
			children = (
				06121AFD233DCB4D00E33F2E /* CoreData_YogeshPatel */,
				06121AFC233DCB4D00E33F2E /* Products */,
				06121B19233DCDED00E33F2E /* Frameworks */,
			);
			sourceTree = "<group>";
		};
		06121AFC233DCB4D00E33F2E /* Products */ = {
			isa = PBXGroup;
			children = (
				06121AFB233DCB4D00E33F2E /* CoreData_YogeshPatel.app */,
			);
			name = Products;
			sourceTree = "<group>";
		};
		06121AFD233DCB4D00E33F2E /* CoreData_YogeshPatel */ = {
			isa = PBXGroup;
			children = (
				06121B23233DDA8000E33F2E /* AppDelegates */,
				06121B22233DD15000E33F2E /* Views */,
				06121B1F233DCFD000E33F2E /* Model */,
				06121B1D233DCFC500E33F2E /* Controllers */,
				06121B1C233DCFBE00E33F2E /* Resources */,
				06121B0F233DCB5E00E33F2E /* Info.plist */,
				06121B07233DCB4E00E33F2E /* CoreData_YogeshPatel.xcdatamodeld */,
			);
			path = CoreData_YogeshPatel;
			sourceTree = "<group>";
		};
		06121B19233DCDED00E33F2E /* Frameworks */ = {
			isa = PBXGroup;
			children = (
				06121B1A233DCDED00E33F2E /* CoreData.framework */,
			);
			name = Frameworks;
			sourceTree = "<group>";
		};
		06121B1C233DCFBE00E33F2E /* Resources */ = {
			isa = PBXGroup;
			children = (
				06121B20233DD05700E33F2E /* Images */,
				06121B21233DD05E00E33F2E /* Storyboards */,
			);
			path = Resources;
			sourceTree = "<group>";
		};
		06121B1D233DCFC500E33F2E /* Controllers */ = {
			isa = PBXGroup;
			children = (
				06121B492343797100E33F2E /* ViewSavedDataVC.swift */,
				06121B25233DDDA600E33F2E /* ViewController.swift */,
			);
			path = Controllers;
			sourceTree = "<group>";
		};
		06121B1F233DCFD000E33F2E /* Model */ = {
			isa = PBXGroup;
			children = (
				06121B27233DEB6800E33F2E /* DatabaseHelper.swift */,
				06121B24233DDA9900E33F2E /* CoreData */,
			);
			path = Model;
			sourceTree = "<group>";
		};
		06121B20233DD05700E33F2E /* Images */ = {
			isa = PBXGroup;
			children = (
			);
			path = Images;
			sourceTree = "<group>";
		};
		06121B21233DD05E00E33F2E /* Storyboards */ = {
			isa = PBXGroup;
			children = (
				06121B04233DCB4E00E33F2E /* Main.storyboard */,
				06121B0C233DCB5E00E33F2E /* LaunchScreen.storyboard */,
				06121B0A233DCB5E00E33F2E /* Assets.xcassets */,
			);
			path = Storyboards;
			sourceTree = "<group>";
		};
		06121B22233DD15000E33F2E /* Views */ = {
			isa = PBXGroup;
			children = (
				06121B4B2343799200E33F2E /* TableViewCell.swift */,
			);
			path = Views;
			sourceTree = "<group>";
		};
		06121B23233DDA8000E33F2E /* AppDelegates */ = {
			isa = PBXGroup;
			children = (
				06121AFE233DCB4D00E33F2E /* AppDelegate.swift */,
				06121B00233DCB4D00E33F2E /* SceneDelegate.swift */,
			);
			path = AppDelegates;
			sourceTree = "<group>";
		};
		06121B24233DDA9900E33F2E /* CoreData */ = {
			isa = PBXGroup;
			children = (
				06121B15233DCD9200E33F2E /* Student+CoreDataClass.swift */,
				06121B16233DCD9200E33F2E /* Student+CoreDataProperties.swift */,
			);
			path = CoreData;
			sourceTree = "<group>";
		};
/* End PBXGroup section */

/* Begin PBXNativeTarget section */
		06121AFA233DCB4D00E33F2E /* CoreData_YogeshPatel */ = {
			isa = PBXNativeTarget;
			buildConfigurationList = 06121B12233DCB5E00E33F2E /* Build configuration list for PBXNativeTarget "CoreData_YogeshPatel" */;
			buildPhases = (
				06121AF7233DCB4D00E33F2E /* Sources */,
				06121AF8233DCB4D00E33F2E /* Frameworks */,
				06121AF9233DCB4D00E33F2E /* Resources */,
			);
			buildRules = (
			);
			dependencies = (
			);
			name = CoreData_YogeshPatel;
			productName = CoreData_YogeshPatel;
			productReference = 06121AFB233DCB4D00E33F2E /* CoreData_YogeshPatel.app */;
			productType = "com.apple.product-type.application";
		};
/* End PBXNativeTarget section */

/* Begin PBXProject section */
		06121AF3233DCB4D00E33F2E /* Project object */ = {
			isa = PBXProject;
			attributes = {
				LastSwiftUpdateCheck = 1100;
				LastUpgradeCheck = 1100;
				ORGANIZATIONNAME = "Mallikarjun H";
				TargetAttributes = {
					06121AFA233DCB4D00E33F2E = {
						CreatedOnToolsVersion = 11.0;
					};
				};
			};
			buildConfigurationList = 06121AF6233DCB4D00E33F2E /* Build configuration list for PBXProject "CoreData_YogeshPatel" */;
			compatibilityVersion = "Xcode 9.3";
			developmentRegion = en;
			hasScannedForEncodings = 0;
			knownRegions = (
				en,
				Base,
			);
			mainGroup = 06121AF2233DCB4D00E33F2E;
			productRefGroup = 06121AFC233DCB4D00E33F2E /* Products */;
			projectDirPath = "";
			projectRoot = "";
			targets = (
				06121AFA233DCB4D00E33F2E /* CoreData_YogeshPatel */,
			);
		};
/* End PBXProject section */

/* Begin PBXResourcesBuildPhase section */
		06121AF9233DCB4D00E33F2E /* Resources */ = {
			isa = PBXResourcesBuildPhase;
			buildActionMask = 2147483647;
			files = (
				06121B0E233DCB5E00E33F2E /* LaunchScreen.storyboard in Resources */,
				06121B0B233DCB5E00E33F2E /* Assets.xcassets in Resources */,
				06121B06233DCB4E00E33F2E /* Main.storyboard in Resources */,
			);
			runOnlyForDeploymentPostprocessing = 0;
		};
/* End PBXResourcesBuildPhase section */

/* Begin PBXSourcesBuildPhase section */
		06121AF7233DCB4D00E33F2E /* Sources */ = {
			isa = PBXSourcesBuildPhase;
			buildActionMask = 2147483647;
			files = (
				06121B26233DDDA600E33F2E /* ViewController.swift in Sources */,
				06121B4A2343797100E33F2E /* ViewSavedDataVC.swift in Sources */,
				06121B18233DCD9200E33F2E /* Student+CoreDataProperties.swift in Sources */,
				06121B4C2343799200E33F2E /* TableViewCell.swift in Sources */,
				06121B09233DCB4E00E33F2E /* CoreData_YogeshPatel.xcdatamodeld in Sources */,
				06121B28233DEB6800E33F2E /* DatabaseHelper.swift in Sources */,
				06121AFF233DCB4D00E33F2E /* AppDelegate.swift in Sources */,
				06121B01233DCB4D00E33F2E /* SceneDelegate.swift in Sources */,
				06121B17233DCD9200E33F2E /* Student+CoreDataClass.swift in Sources */,
			);
			runOnlyForDeploymentPostprocessing = 0;
		};
/* End PBXSourcesBuildPhase section */

/* Begin PBXVariantGroup section */
		06121B04233DCB4E00E33F2E /* Main.storyboard */ = {
			isa = PBXVariantGroup;
			children = (
				06121B05233DCB4E00E33F2E /* Base */,
			);
			name = Main.storyboard;
			sourceTree = "<group>";
		};
		06121B0C233DCB5E00E33F2E /* LaunchScreen.storyboard */ = {
			isa = PBXVariantGroup;
			children = (
				06121B0D233DCB5E00E33F2E /* Base */,
			);
			name = LaunchScreen.storyboard;
			sourceTree = "<group>";
		};
/* End PBXVariantGroup section */

/* Begin XCBuildConfiguration section */
		06121B10233DCB5E00E33F2E /* Debug */ = {
			isa = XCBuildConfiguration;
			buildSettings = {
				ALWAYS_SEARCH_USER_PATHS = NO;
				CLANG_ANALYZER_NONNULL = YES;
				CLANG_ANALYZER_NUMBER_OBJECT_CONVERSION = YES_AGGRESSIVE;
				CLANG_CXX_LANGUAGE_STANDARD = "gnu++14";
				CLANG_CXX_LIBRARY = "libc++";
				CLANG_ENABLE_MODULES = YES;
				CLANG_ENABLE_OBJC_ARC = YES;
				CLANG_ENABLE_OBJC_WEAK = YES;
				CLANG_WARN_BLOCK_CAPTURE_AUTORELEASING = YES;
				CLANG_WARN_BOOL_CONVERSION = YES;
				CLANG_WARN_COMMA = YES;
				CLANG_WARN_CONSTANT_CONVERSION = YES;
				CLANG_WARN_DEPRECATED_OBJC_IMPLEMENTATIONS = YES;
				CLANG_WARN_DIRECT_OBJC_ISA_USAGE = YES_ERROR;
				CLANG_WARN_DOCUMENTATION_COMMENTS = YES;
				CLANG_WARN_EMPTY_BODY = YES;
				CLANG_WARN_ENUM_CONVERSION = YES;
				CLANG_WARN_INFINITE_RECURSION = YES;
				CLANG_WARN_INT_CONVERSION = YES;
				CLANG_WARN_NON_LITERAL_NULL_CONVERSION = YES;
				CLANG_WARN_OBJC_IMPLICIT_RETAIN_SELF = YES;
				CLANG_WARN_OBJC_LITERAL_CONVERSION = YES;
				CLANG_WARN_OBJC_ROOT_CLASS = YES_ERROR;
				CLANG_WARN_RANGE_LOOP_ANALYSIS = YES;
				CLANG_WARN_STRICT_PROTOTYPES = YES;
				CLANG_WARN_SUSPICIOUS_MOVE = YES;
				CLANG_WARN_UNGUARDED_AVAILABILITY = YES_AGGRESSIVE;
				CLANG_WARN_UNREACHABLE_CODE = YES;
				CLANG_WARN__DUPLICATE_METHOD_MATCH = YES;
				COPY_PHASE_STRIP = NO;
				DEBUG_INFORMATION_FORMAT = dwarf;
				ENABLE_STRICT_OBJC_MSGSEND = YES;
				ENABLE_TESTABILITY = YES;
				GCC_C_LANGUAGE_STANDARD = gnu11;
				GCC_DYNAMIC_NO_PIC = NO;
				GCC_NO_COMMON_BLOCKS = YES;
				GCC_OPTIMIZATION_LEVEL = 0;
				GCC_PREPROCESSOR_DEFINITIONS = (
					"DEBUG=1",
					"$(inherited)",
				);
				GCC_WARN_64_TO_32_BIT_CONVERSION = YES;
				GCC_WARN_ABOUT_RETURN_TYPE = YES_ERROR;
				GCC_WARN_UNDECLARED_SELECTOR = YES;
				GCC_WARN_UNINITIALIZED_AUTOS = YES_AGGRESSIVE;
				GCC_WARN_UNUSED_FUNCTION = YES;
				GCC_WARN_UNUSED_VARIABLE = YES;
				IPHONEOS_DEPLOYMENT_TARGET = 13.0;
				MTL_ENABLE_DEBUG_INFO = INCLUDE_SOURCE;
				MTL_FAST_MATH = YES;
				ONLY_ACTIVE_ARCH = YES;
				SDKROOT = iphoneos;
				SWIFT_ACTIVE_COMPILATION_CONDITIONS = DEBUG;
				SWIFT_OPTIMIZATION_LEVEL = "-Onone";
			};
			name = Debug;
		};
		06121B11233DCB5E00E33F2E /* Release */ = {
			isa = XCBuildConfiguration;
			buildSettings = {
				ALWAYS_SEARCH_USER_PATHS = NO;
				CLANG_ANALYZER_NONNULL = YES;
				CLANG_ANALYZER_NUMBER_OBJECT_CONVERSION = YES_AGGRESSIVE;
				CLANG_CXX_LANGUAGE_STANDARD = "gnu++14";
				CLANG_CXX_LIBRARY = "libc++";
				CLANG_ENABLE_MODULES = YES;
				CLANG_ENABLE_OBJC_ARC = YES;
				CLANG_ENABLE_OBJC_WEAK = YES;
				CLANG_WARN_BLOCK_CAPTURE_AUTORELEASING = YES;
				CLANG_WARN_BOOL_CONVERSION = YES;
				CLANG_WARN_COMMA = YES;
				CLANG_WARN_CONSTANT_CONVERSION = YES;
				CLANG_WARN_DEPRECATED_OBJC_IMPLEMENTATIONS = YES;
				CLANG_WARN_DIRECT_OBJC_ISA_USAGE = YES_ERROR;
				CLANG_WARN_DOCUMENTATION_COMMENTS = YES;
				CLANG_WARN_EMPTY_BODY = YES;
				CLANG_WARN_ENUM_CONVERSION = YES;
				CLANG_WARN_INFINITE_RECURSION = YES;
				CLANG_WARN_INT_CONVERSION = YES;
				CLANG_WARN_NON_LITERAL_NULL_CONVERSION = YES;
				CLANG_WARN_OBJC_IMPLICIT_RETAIN_SELF = YES;
				CLANG_WARN_OBJC_LITERAL_CONVERSION = YES;
				CLANG_WARN_OBJC_ROOT_CLASS = YES_ERROR;
				CLANG_WARN_RANGE_LOOP_ANALYSIS = YES;
				CLANG_WARN_STRICT_PROTOTYPES = YES;
				CLANG_WARN_SUSPICIOUS_MOVE = YES;
				CLANG_WARN_UNGUARDED_AVAILABILITY = YES_AGGRESSIVE;
				CLANG_WARN_UNREACHABLE_CODE = YES;
				CLANG_WARN__DUPLICATE_METHOD_MATCH = YES;
				COPY_PHASE_STRIP = NO;
				DEBUG_INFORMATION_FORMAT = "dwarf-with-dsym";
				ENABLE_NS_ASSERTIONS = NO;
				ENABLE_STRICT_OBJC_MSGSEND = YES;
				GCC_C_LANGUAGE_STANDARD = gnu11;
				GCC_NO_COMMON_BLOCKS = YES;
				GCC_WARN_64_TO_32_BIT_CONVERSION = YES;
				GCC_WARN_ABOUT_RETURN_TYPE = YES_ERROR;
				GCC_WARN_UNDECLARED_SELECTOR = YES;
				GCC_WARN_UNINITIALIZED_AUTOS = YES_AGGRESSIVE;
				GCC_WARN_UNUSED_FUNCTION = YES;
				GCC_WARN_UNUSED_VARIABLE = YES;
				IPHONEOS_DEPLOYMENT_TARGET = 13.0;
				MTL_ENABLE_DEBUG_INFO = NO;
				MTL_FAST_MATH = YES;
				SDKROOT = iphoneos;
				SWIFT_COMPILATION_MODE = wholemodule;
				SWIFT_OPTIMIZATION_LEVEL = "-O";
				VALIDATE_PRODUCT = YES;
			};
			name = Release;
		};
		06121B13233DCB5E00E33F2E /* Debug */ = {
			isa = XCBuildConfiguration;
			buildSettings = {
				ASSETCATALOG_COMPILER_APPICON_NAME = AppIcon;
				CODE_SIGN_STYLE = Automatic;
				DEVELOPMENT_TEAM = 9HVHM5PPH2;
				INFOPLIST_FILE = CoreData_YogeshPatel/Info.plist;
				LD_RUNPATH_SEARCH_PATHS = (
					"$(inherited)",
					"@executable_path/Frameworks",
				);
				PRODUCT_BUNDLE_IDENTIFIER = "TestExamples.CoreData-YogeshPatel";
				PRODUCT_NAME = "$(TARGET_NAME)";
				SWIFT_VERSION = 5.0;
				TARGETED_DEVICE_FAMILY = 1;
			};
			name = Debug;
		};
		06121B14233DCB5E00E33F2E /* Release */ = {
			isa = XCBuildConfiguration;
			buildSettings = {
				ASSETCATALOG_COMPILER_APPICON_NAME = AppIcon;
				CODE_SIGN_STYLE = Automatic;
				DEVELOPMENT_TEAM = 9HVHM5PPH2;
				INFOPLIST_FILE = CoreData_YogeshPatel/Info.plist;
				LD_RUNPATH_SEARCH_PATHS = (
					"$(inherited)",
					"@executable_path/Frameworks",
				);
				PRODUCT_BUNDLE_IDENTIFIER = "TestExamples.CoreData-YogeshPatel";
				PRODUCT_NAME = "$(TARGET_NAME)";
				SWIFT_VERSION = 5.0;
				TARGETED_DEVICE_FAMILY = 1;
			};
			name = Release;
		};
/* End XCBuildConfiguration section */

/* Begin XCConfigurationList section */
		06121AF6233DCB4D00E33F2E /* Build configuration list for PBXProject "CoreData_YogeshPatel" */ = {
			isa = XCConfigurationList;
			buildConfigurations = (
				06121B10233DCB5E00E33F2E /* Debug */,
				06121B11233DCB5E00E33F2E /* Release */,
			);
			defaultConfigurationIsVisible = 0;
			defaultConfigurationName = Release;
		};
		06121B12233DCB5E00E33F2E /* Build configuration list for PBXNativeTarget "CoreData_YogeshPatel" */ = {
			isa = XCConfigurationList;
			buildConfigurations = (
				06121B13233DCB5E00E33F2E /* Debug */,
				06121B14233DCB5E00E33F2E /* Release */,
			);
			defaultConfigurationIsVisible = 0;
			defaultConfigurationName = Release;
		};
/* End XCConfigurationList section */

/* Begin XCVersionGroup section */
		06121B07233DCB4E00E33F2E /* CoreData_YogeshPatel.xcdatamodeld */ = {
			isa = XCVersionGroup;
			children = (
				06121B08233DCB4E00E33F2E /* CoreData_YogeshPatel.xcdatamodel */,
			);
			currentVersion = 06121B08233DCB4E00E33F2E /* CoreData_YogeshPatel.xcdatamodel */;
			path = CoreData_YogeshPatel.xcdatamodeld;
			sourceTree = "<group>";
			versionGroupType = wrapper.xcdatamodel;
		};
/* End XCVersionGroup section */
	};
	rootObject = 06121AF3233DCB4D00E33F2E /* Project object */;
}
